
Microsoft Visual Studio Solution File, Format Version 12.00
# Visual Studio 2012
Project("{FAE04EC0-301F-11D3-BF4B-00C04F79EFBC}") = "FunctionRegression", "FunctionRegression\FunctionRegression.csproj", "{305249EF-68AE-445E-AABD-293D0011819C}"
EndProject
Project("{FAE04EC0-301F-11D3-BF4B-00C04F79EFBC}") = "AForge.Neuro", "AForge.Neuro\AForge.Neuro.csproj", "{02B5E453-2085-4E41-86D9-C8E8A03FB1B9}"
EndProject
Project("{FAE04EC0-301F-11D3-BF4B-00C04F79EFBC}") = "SymbolRecognition", "SymbolRecognition\SymbolRecognition.csproj", "{EFF63F72-66A3-4284-9DEF-D2ECBA1007D9}"
EndProject
Project("{FAE04EC0-301F-11D3-BF4B-00C04F79EFBC}") = "Common", "Common\Common.csproj", "{3270F983-CC3B-4194-A0C9-3C4A644A1FAD}"
EndProject
Project("{FAE04EC0-301F-11D3-BF4B-00C04F79EFBC}") = "FunctionRegressionWithNoise", "FunctionRegressionWithNoise\FunctionRegressionWithNoise.csproj", "{6E7A6421-1128-4A5A-9F9C-DA5C8B5B5247}"
EndProject
Project("{FAE04EC0-301F-11D3-BF4B-00C04F79EFBC}") = "Perceptron", "Perceptron\Perceptron.csproj", "{9AEB72FA-AC3F-42AE-8959-51C6849CA49F}"
EndProject
Project("{FAE04EC0-301F-11D3-BF4B-00C04F79EFBC}") = "SelfOrganizingNetworks", "SelfOrganizingNetworks\SelfOrganizingNetworks.csproj", "{A012FAA0-EED1-49A5-A62E-B70CC1F25B9D}"
EndProject
Project("{FAE04EC0-301F-11D3-BF4B-00C04F79EFBC}") = "FuzzyArithmetic", "FuzzyArithmetic\FuzzyArithmetic.csproj", "{2DE502D2-458F-4169-B296-A7AE99A29869}"
EndProject
Global
	GlobalSection(SolutionConfigurationPlatforms) = preSolution
		Debug|Any CPU = Debug|Any CPU
		Release|Any CPU = Release|Any CPU
	EndGlobalSection
	GlobalSection(ProjectConfigurationPlatforms) = postSolution
		{305249EF-68AE-445E-AABD-293D0011819C}.Debug|Any CPU.ActiveCfg = Debug|Any CPU
		{305249EF-68AE-445E-AABD-293D0011819C}.Debug|Any CPU.Build.0 = Debug|Any CPU
		{305249EF-68AE-445E-AABD-293D0011819C}.Release|Any CPU.ActiveCfg = Release|Any CPU
		{305249EF-68AE-445E-AABD-293D0011819C}.Release|Any CPU.Build.0 = Release|Any CPU
		{02B5E453-2085-4E41-86D9-C8E8A03FB1B9}.Debug|Any CPU.ActiveCfg = Debug|Any CPU
		{02B5E453-2085-4E41-86D9-C8E8A03FB1B9}.Debug|Any CPU.Build.0 = Debug|Any CPU
		{02B5E453-2085-4E41-86D9-C8E8A03FB1B9}.Release|Any CPU.ActiveCfg = Release|Any CPU
		{02B5E453-2085-4E41-86D9-C8E8A03FB1B9}.Release|Any CPU.Build.0 = Release|Any CPU
		{EFF63F72-66A3-4284-9DEF-D2ECBA1007D9}.Debug|Any CPU.ActiveCfg = Debug|Any CPU
		{EFF63F72-66A3-4284-9DEF-D2ECBA1007D9}.Debug|Any CPU.Build.0 = Debug|Any CPU
		{EFF63F72-66A3-4284-9DEF-D2ECBA1007D9}.Release|Any CPU.ActiveCfg = Release|Any CPU
		{EFF63F72-66A3-4284-9DEF-D2ECBA1007D9}.Release|Any CPU.Build.0 = Release|Any CPU
		{3270F983-CC3B-4194-A0C9-3C4A644A1FAD}.Debug|Any CPU.ActiveCfg = Debug|Any CPU
		{3270F983-CC3B-4194-A0C9-3C4A644A1FAD}.Debug|Any CPU.Build.0 = Debug|Any CPU
		{3270F983-CC3B-4194-A0C9-3C4A644A1FAD}.Release|Any CPU.ActiveCfg = Release|Any CPU
		{3270F983-CC3B-4194-A0C9-3C4A644A1FAD}.Release|Any CPU.Build.0 = Release|Any CPU
		{6E7A6421-1128-4A5A-9F9C-DA5C8B5B5247}.Debug|Any CPU.ActiveCfg = Debug|Any CPU
		{6E7A6421-1128-4A5A-9F9C-DA5C8B5B5247}.Debug|Any CPU.Build.0 = Debug|Any CPU
		{6E7A6421-1128-4A5A-9F9C-DA5C8B5B5247}.Release|Any CPU.ActiveCfg = Release|Any CPU
		{6E7A6421-1128-4A5A-9F9C-DA5C8B5B5247}.Release|Any CPU.Build.0 = Release|Any CPU
		{9AEB72FA-AC3F-42AE-8959-51C6849CA49F}.Debug|Any CPU.ActiveCfg = Debug|Any CPU
		{9AEB72FA-AC3F-42AE-8959-51C6849CA49F}.Debug|Any CPU.Build.0 = Debug|Any CPU
		{9AEB72FA-AC3F-42AE-8959-51C6849CA49F}.Release|Any CPU.ActiveCfg = Release|Any CPU
		{9AEB72FA-AC3F-42AE-8959-51C6849CA49F}.Release|Any CPU.Build.0 = Release|Any CPU
		{A012FAA0-EED1-49A5-A62E-B70CC1F25B9D}.Debug|Any CPU.ActiveCfg = Debug|Any CPU
		{A012FAA0-EED1-49A5-A62E-B70CC1F25B9D}.Debug|Any CPU.Build.0 = Debug|Any CPU
		{A012FAA0-EED1-49A5-A62E-B70CC1F25B9D}.Release|Any CPU.ActiveCfg = Release|Any CPU
		{A012FAA0-EED1-49A5-A62E-B70CC1F25B9D}.Release|Any CPU.Build.0 = Release|Any CPU
		{2DE502D2-458F-4169-B296-A7AE99A29869}.Debug|Any CPU.ActiveCfg = Debug|Any CPU
		{2DE502D2-458F-4169-B296-A7AE99A29869}.Debug|Any CPU.Build.0 = Debug|Any CPU
		{2DE502D2-458F-4169-B296-A7AE99A29869}.Release|Any CPU.ActiveCfg = Release|Any CPU
		{2DE502D2-458F-4169-B296-A7AE99A29869}.Release|Any CPU.Build.0 = Release|Any CPU
	EndGlobalSection
	GlobalSection(SolutionProperties) = preSolution
		HideSolutionNode = FALSE
	EndGlobalSection
EndGlobal
