
Microsoft Visual Studio Solution File, Format Version 12.00
# Visual Studio 2012
Project("{FAE04EC0-301F-11D3-BF4B-00C04F79EFBC}") = "FunctionRegression", "FunctionRegression\FunctionRegression.csproj", "{305249EF-68AE-445E-AABD-293D0011819C}"
EndProject
Project("{FAE04EC0-301F-11D3-BF4B-00C04F79EFBC}") = "AForge.Neuro", "AForge.Neuro\AForge.Neuro.csproj", "{02B5E453-2085-4E41-86D9-C8E8A03FB1B9}"
EndProject
Project("{FAE04EC0-301F-11D3-BF4B-00C04F79EFBC}") = "SymbolRecognition", "SymbolRecognition\SymbolRecognition.csproj", "{EFF63F72-66A3-4284-9DEF-D2ECBA1007D9}"
EndProject
Project("{FAE04EC0-301F-11D3-BF4B-00C04F79EFBC}") = "Common", "Common\Common.csproj", "{3270F983-CC3B-4194-A0C9-3C4A644A1FAD}"
EndProject
Project("{FAE04EC0-301F-11D3-BF4B-00C04F79EFBC}") = "FunctionRegressionWithNoise", "FunctionRegressionWithNoise\FunctionRegressionWithNoise.csproj", "{6E7A6421-1128-4A5A-9F9C-DA5C8B5B5247}"
EndProject
Project("{FAE04EC0-301F-11D3-BF4B-00C04F79EFBC}") = "Perceptron", "Perceptron\Perceptron.csproj", "{9AEB72FA-AC3F-42AE-8959-51C6849CA49F}"
EndProject
Project("{FAE04EC0-301F-11D3-BF4B-00C04F79EFBC}") = "SelfOrganizingNetworks", "SelfOrganizingNetworks\SelfOrganizingNetworks.csproj", "{A012FAA0-EED1-49A5-A62E-B70CC1F25B9D}"
EndProject
Project("{FAE04EC0-301F-11D3-BF4B-00C04F79EFBC}") = "PlotGenerator", "FuzzyArithmetic\PlotGenerator.csproj", "{2DE502D2-458F-4169-B296-A7AE99A29869}"
EndProject
Project("{2150E333-8FDC-42A3-9474-1A3956D46DE8}") = "Fuzzy", "Fuzzy", "{74F7594E-BFCF-4B77-A5B4-1A5F3DE0820E}"
EndProject
Project("{FAE04EC0-301F-11D3-BF4B-00C04F79EFBC}") = "FuzzyLibrary", "FuzzyLibrary\FuzzyLibrary.csproj", "{288C373A-745B-42D6-83A8-DFD48FC31CAD}"
EndProject
Project("{FAE04EC0-301F-11D3-BF4B-00C04F79EFBC}") = "FuzzyView", "FuzzyView\FuzzyView.csproj", "{4605F326-EECF-4A96-86AF-B6D4272BD5DF}"
EndProject
Project("{2150E333-8FDC-42A3-9474-1A3956D46DE8}") = "NeuralNetworks", "NeuralNetworks", "{FF3E1549-D0E5-477B-8924-F6EE3D81DF6C}"
EndProject
Project("{2150E333-8FDC-42A3-9474-1A3956D46DE8}") = "GeneticAlgorithms", "GeneticAlgorithms", "{BF327674-CB72-46C6-AAB5-745D1262D183}"
EndProject
Project("{FAE04EC0-301F-11D3-BF4B-00C04F79EFBC}") = "FuzzyControl", "FuzzyControl\FuzzyControl.csproj", "{854D2E29-797F-41DA-A732-4E083DB32F64}"
EndProject
Project("{FAE04EC0-301F-11D3-BF4B-00C04F79EFBC}") = "GenericAlgorithms", "GeneticAlgorithms\GenericAlgorithms.csproj", "{F4D3519E-7891-4A76-B835-FBF164929B14}"
EndProject
Project("{FAE04EC0-301F-11D3-BF4B-00C04F79EFBC}") = "SetPartition", "SetPartition\SetPartition.csproj", "{DC51CCC8-1BC7-48DF-B636-678F23E2B78E}"
EndProject
Global
	GlobalSection(SolutionConfigurationPlatforms) = preSolution
		Debug|Any CPU = Debug|Any CPU
		Debug|Mixed Platforms = Debug|Mixed Platforms
		Debug|x86 = Debug|x86
		Release|Any CPU = Release|Any CPU
		Release|Mixed Platforms = Release|Mixed Platforms
		Release|x86 = Release|x86
	EndGlobalSection
	GlobalSection(ProjectConfigurationPlatforms) = postSolution
		{305249EF-68AE-445E-AABD-293D0011819C}.Debug|Any CPU.ActiveCfg = Debug|Any CPU
		{305249EF-68AE-445E-AABD-293D0011819C}.Debug|Any CPU.Build.0 = Debug|Any CPU
		{305249EF-68AE-445E-AABD-293D0011819C}.Debug|Mixed Platforms.ActiveCfg = Debug|Any CPU
		{305249EF-68AE-445E-AABD-293D0011819C}.Debug|Mixed Platforms.Build.0 = Debug|Any CPU
		{305249EF-68AE-445E-AABD-293D0011819C}.Debug|x86.ActiveCfg = Debug|Any CPU
		{305249EF-68AE-445E-AABD-293D0011819C}.Release|Any CPU.ActiveCfg = Release|Any CPU
		{305249EF-68AE-445E-AABD-293D0011819C}.Release|Any CPU.Build.0 = Release|Any CPU
		{305249EF-68AE-445E-AABD-293D0011819C}.Release|Mixed Platforms.ActiveCfg = Release|Any CPU
		{305249EF-68AE-445E-AABD-293D0011819C}.Release|Mixed Platforms.Build.0 = Release|Any CPU
		{305249EF-68AE-445E-AABD-293D0011819C}.Release|x86.ActiveCfg = Release|Any CPU
		{02B5E453-2085-4E41-86D9-C8E8A03FB1B9}.Debug|Any CPU.ActiveCfg = Debug|Any CPU
		{02B5E453-2085-4E41-86D9-C8E8A03FB1B9}.Debug|Any CPU.Build.0 = Debug|Any CPU
		{02B5E453-2085-4E41-86D9-C8E8A03FB1B9}.Debug|Mixed Platforms.ActiveCfg = Debug|Any CPU
		{02B5E453-2085-4E41-86D9-C8E8A03FB1B9}.Debug|Mixed Platforms.Build.0 = Debug|Any CPU
		{02B5E453-2085-4E41-86D9-C8E8A03FB1B9}.Debug|x86.ActiveCfg = Debug|Any CPU
		{02B5E453-2085-4E41-86D9-C8E8A03FB1B9}.Release|Any CPU.ActiveCfg = Release|Any CPU
		{02B5E453-2085-4E41-86D9-C8E8A03FB1B9}.Release|Any CPU.Build.0 = Release|Any CPU
		{02B5E453-2085-4E41-86D9-C8E8A03FB1B9}.Release|Mixed Platforms.ActiveCfg = Release|Any CPU
		{02B5E453-2085-4E41-86D9-C8E8A03FB1B9}.Release|Mixed Platforms.Build.0 = Release|Any CPU
		{02B5E453-2085-4E41-86D9-C8E8A03FB1B9}.Release|x86.ActiveCfg = Release|Any CPU
		{EFF63F72-66A3-4284-9DEF-D2ECBA1007D9}.Debug|Any CPU.ActiveCfg = Debug|Any CPU
		{EFF63F72-66A3-4284-9DEF-D2ECBA1007D9}.Debug|Any CPU.Build.0 = Debug|Any CPU
		{EFF63F72-66A3-4284-9DEF-D2ECBA1007D9}.Debug|Mixed Platforms.ActiveCfg = Debug|Any CPU
		{EFF63F72-66A3-4284-9DEF-D2ECBA1007D9}.Debug|Mixed Platforms.Build.0 = Debug|Any CPU
		{EFF63F72-66A3-4284-9DEF-D2ECBA1007D9}.Debug|x86.ActiveCfg = Debug|Any CPU
		{EFF63F72-66A3-4284-9DEF-D2ECBA1007D9}.Release|Any CPU.ActiveCfg = Release|Any CPU
		{EFF63F72-66A3-4284-9DEF-D2ECBA1007D9}.Release|Any CPU.Build.0 = Release|Any CPU
		{EFF63F72-66A3-4284-9DEF-D2ECBA1007D9}.Release|Mixed Platforms.ActiveCfg = Release|Any CPU
		{EFF63F72-66A3-4284-9DEF-D2ECBA1007D9}.Release|Mixed Platforms.Build.0 = Release|Any CPU
		{EFF63F72-66A3-4284-9DEF-D2ECBA1007D9}.Release|x86.ActiveCfg = Release|Any CPU
		{3270F983-CC3B-4194-A0C9-3C4A644A1FAD}.Debug|Any CPU.ActiveCfg = Debug|Any CPU
		{3270F983-CC3B-4194-A0C9-3C4A644A1FAD}.Debug|Any CPU.Build.0 = Debug|Any CPU
		{3270F983-CC3B-4194-A0C9-3C4A644A1FAD}.Debug|Mixed Platforms.ActiveCfg = Debug|Any CPU
		{3270F983-CC3B-4194-A0C9-3C4A644A1FAD}.Debug|Mixed Platforms.Build.0 = Debug|Any CPU
		{3270F983-CC3B-4194-A0C9-3C4A644A1FAD}.Debug|x86.ActiveCfg = Debug|Any CPU
		{3270F983-CC3B-4194-A0C9-3C4A644A1FAD}.Release|Any CPU.ActiveCfg = Release|Any CPU
		{3270F983-CC3B-4194-A0C9-3C4A644A1FAD}.Release|Any CPU.Build.0 = Release|Any CPU
		{3270F983-CC3B-4194-A0C9-3C4A644A1FAD}.Release|Mixed Platforms.ActiveCfg = Release|Any CPU
		{3270F983-CC3B-4194-A0C9-3C4A644A1FAD}.Release|Mixed Platforms.Build.0 = Release|Any CPU
		{3270F983-CC3B-4194-A0C9-3C4A644A1FAD}.Release|x86.ActiveCfg = Release|Any CPU
		{6E7A6421-1128-4A5A-9F9C-DA5C8B5B5247}.Debug|Any CPU.ActiveCfg = Debug|Any CPU
		{6E7A6421-1128-4A5A-9F9C-DA5C8B5B5247}.Debug|Any CPU.Build.0 = Debug|Any CPU
		{6E7A6421-1128-4A5A-9F9C-DA5C8B5B5247}.Debug|Mixed Platforms.ActiveCfg = Debug|Any CPU
		{6E7A6421-1128-4A5A-9F9C-DA5C8B5B5247}.Debug|Mixed Platforms.Build.0 = Debug|Any CPU
		{6E7A6421-1128-4A5A-9F9C-DA5C8B5B5247}.Debug|x86.ActiveCfg = Debug|Any CPU
		{6E7A6421-1128-4A5A-9F9C-DA5C8B5B5247}.Release|Any CPU.ActiveCfg = Release|Any CPU
		{6E7A6421-1128-4A5A-9F9C-DA5C8B5B5247}.Release|Any CPU.Build.0 = Release|Any CPU
		{6E7A6421-1128-4A5A-9F9C-DA5C8B5B5247}.Release|Mixed Platforms.ActiveCfg = Release|Any CPU
		{6E7A6421-1128-4A5A-9F9C-DA5C8B5B5247}.Release|Mixed Platforms.Build.0 = Release|Any CPU
		{6E7A6421-1128-4A5A-9F9C-DA5C8B5B5247}.Release|x86.ActiveCfg = Release|Any CPU
		{9AEB72FA-AC3F-42AE-8959-51C6849CA49F}.Debug|Any CPU.ActiveCfg = Debug|Any CPU
		{9AEB72FA-AC3F-42AE-8959-51C6849CA49F}.Debug|Any CPU.Build.0 = Debug|Any CPU
		{9AEB72FA-AC3F-42AE-8959-51C6849CA49F}.Debug|Mixed Platforms.ActiveCfg = Debug|Any CPU
		{9AEB72FA-AC3F-42AE-8959-51C6849CA49F}.Debug|Mixed Platforms.Build.0 = Debug|Any CPU
		{9AEB72FA-AC3F-42AE-8959-51C6849CA49F}.Debug|x86.ActiveCfg = Debug|Any CPU
		{9AEB72FA-AC3F-42AE-8959-51C6849CA49F}.Release|Any CPU.ActiveCfg = Release|Any CPU
		{9AEB72FA-AC3F-42AE-8959-51C6849CA49F}.Release|Any CPU.Build.0 = Release|Any CPU
		{9AEB72FA-AC3F-42AE-8959-51C6849CA49F}.Release|Mixed Platforms.ActiveCfg = Release|Any CPU
		{9AEB72FA-AC3F-42AE-8959-51C6849CA49F}.Release|Mixed Platforms.Build.0 = Release|Any CPU
		{9AEB72FA-AC3F-42AE-8959-51C6849CA49F}.Release|x86.ActiveCfg = Release|Any CPU
		{A012FAA0-EED1-49A5-A62E-B70CC1F25B9D}.Debug|Any CPU.ActiveCfg = Debug|Any CPU
		{A012FAA0-EED1-49A5-A62E-B70CC1F25B9D}.Debug|Any CPU.Build.0 = Debug|Any CPU
		{A012FAA0-EED1-49A5-A62E-B70CC1F25B9D}.Debug|Mixed Platforms.ActiveCfg = Debug|Any CPU
		{A012FAA0-EED1-49A5-A62E-B70CC1F25B9D}.Debug|Mixed Platforms.Build.0 = Debug|Any CPU
		{A012FAA0-EED1-49A5-A62E-B70CC1F25B9D}.Debug|x86.ActiveCfg = Debug|Any CPU
		{A012FAA0-EED1-49A5-A62E-B70CC1F25B9D}.Release|Any CPU.ActiveCfg = Release|Any CPU
		{A012FAA0-EED1-49A5-A62E-B70CC1F25B9D}.Release|Any CPU.Build.0 = Release|Any CPU
		{A012FAA0-EED1-49A5-A62E-B70CC1F25B9D}.Release|Mixed Platforms.ActiveCfg = Release|Any CPU
		{A012FAA0-EED1-49A5-A62E-B70CC1F25B9D}.Release|Mixed Platforms.Build.0 = Release|Any CPU
		{A012FAA0-EED1-49A5-A62E-B70CC1F25B9D}.Release|x86.ActiveCfg = Release|Any CPU
		{2DE502D2-458F-4169-B296-A7AE99A29869}.Debug|Any CPU.ActiveCfg = Debug|Any CPU
		{2DE502D2-458F-4169-B296-A7AE99A29869}.Debug|Any CPU.Build.0 = Debug|Any CPU
		{2DE502D2-458F-4169-B296-A7AE99A29869}.Debug|Mixed Platforms.ActiveCfg = Debug|Any CPU
		{2DE502D2-458F-4169-B296-A7AE99A29869}.Debug|Mixed Platforms.Build.0 = Debug|Any CPU
		{2DE502D2-458F-4169-B296-A7AE99A29869}.Debug|x86.ActiveCfg = Debug|Any CPU
		{2DE502D2-458F-4169-B296-A7AE99A29869}.Release|Any CPU.ActiveCfg = Release|Any CPU
		{2DE502D2-458F-4169-B296-A7AE99A29869}.Release|Any CPU.Build.0 = Release|Any CPU
		{2DE502D2-458F-4169-B296-A7AE99A29869}.Release|Mixed Platforms.ActiveCfg = Release|Any CPU
		{2DE502D2-458F-4169-B296-A7AE99A29869}.Release|Mixed Platforms.Build.0 = Release|Any CPU
		{2DE502D2-458F-4169-B296-A7AE99A29869}.Release|x86.ActiveCfg = Release|Any CPU
		{288C373A-745B-42D6-83A8-DFD48FC31CAD}.Debug|Any CPU.ActiveCfg = Debug|Any CPU
		{288C373A-745B-42D6-83A8-DFD48FC31CAD}.Debug|Any CPU.Build.0 = Debug|Any CPU
		{288C373A-745B-42D6-83A8-DFD48FC31CAD}.Debug|Mixed Platforms.ActiveCfg = Debug|Any CPU
		{288C373A-745B-42D6-83A8-DFD48FC31CAD}.Debug|Mixed Platforms.Build.0 = Debug|Any CPU
		{288C373A-745B-42D6-83A8-DFD48FC31CAD}.Debug|x86.ActiveCfg = Debug|Any CPU
		{288C373A-745B-42D6-83A8-DFD48FC31CAD}.Release|Any CPU.ActiveCfg = Release|Any CPU
		{288C373A-745B-42D6-83A8-DFD48FC31CAD}.Release|Any CPU.Build.0 = Release|Any CPU
		{288C373A-745B-42D6-83A8-DFD48FC31CAD}.Release|Mixed Platforms.ActiveCfg = Release|Any CPU
		{288C373A-745B-42D6-83A8-DFD48FC31CAD}.Release|Mixed Platforms.Build.0 = Release|Any CPU
		{288C373A-745B-42D6-83A8-DFD48FC31CAD}.Release|x86.ActiveCfg = Release|Any CPU
		{4605F326-EECF-4A96-86AF-B6D4272BD5DF}.Debug|Any CPU.ActiveCfg = Debug|Any CPU
		{4605F326-EECF-4A96-86AF-B6D4272BD5DF}.Debug|Any CPU.Build.0 = Debug|Any CPU
		{4605F326-EECF-4A96-86AF-B6D4272BD5DF}.Debug|Mixed Platforms.ActiveCfg = Debug|Any CPU
		{4605F326-EECF-4A96-86AF-B6D4272BD5DF}.Debug|Mixed Platforms.Build.0 = Debug|Any CPU
		{4605F326-EECF-4A96-86AF-B6D4272BD5DF}.Debug|x86.ActiveCfg = Debug|Any CPU
		{4605F326-EECF-4A96-86AF-B6D4272BD5DF}.Release|Any CPU.ActiveCfg = Release|Any CPU
		{4605F326-EECF-4A96-86AF-B6D4272BD5DF}.Release|Any CPU.Build.0 = Release|Any CPU
		{4605F326-EECF-4A96-86AF-B6D4272BD5DF}.Release|Mixed Platforms.ActiveCfg = Release|Any CPU
		{4605F326-EECF-4A96-86AF-B6D4272BD5DF}.Release|Mixed Platforms.Build.0 = Release|Any CPU
		{4605F326-EECF-4A96-86AF-B6D4272BD5DF}.Release|x86.ActiveCfg = Release|Any CPU
		{854D2E29-797F-41DA-A732-4E083DB32F64}.Debug|Any CPU.ActiveCfg = Debug|Any CPU
		{854D2E29-797F-41DA-A732-4E083DB32F64}.Debug|Any CPU.Build.0 = Debug|Any CPU
		{854D2E29-797F-41DA-A732-4E083DB32F64}.Debug|Mixed Platforms.ActiveCfg = Debug|Any CPU
		{854D2E29-797F-41DA-A732-4E083DB32F64}.Debug|Mixed Platforms.Build.0 = Debug|Any CPU
		{854D2E29-797F-41DA-A732-4E083DB32F64}.Debug|x86.ActiveCfg = Debug|Any CPU
		{854D2E29-797F-41DA-A732-4E083DB32F64}.Release|Any CPU.ActiveCfg = Release|Any CPU
		{854D2E29-797F-41DA-A732-4E083DB32F64}.Release|Any CPU.Build.0 = Release|Any CPU
		{854D2E29-797F-41DA-A732-4E083DB32F64}.Release|Mixed Platforms.ActiveCfg = Release|Any CPU
		{854D2E29-797F-41DA-A732-4E083DB32F64}.Release|Mixed Platforms.Build.0 = Release|Any CPU
		{854D2E29-797F-41DA-A732-4E083DB32F64}.Release|x86.ActiveCfg = Release|Any CPU
		{F4D3519E-7891-4A76-B835-FBF164929B14}.Debug|Any CPU.ActiveCfg = Debug|x86
		{F4D3519E-7891-4A76-B835-FBF164929B14}.Debug|Mixed Platforms.ActiveCfg = Debug|x86
		{F4D3519E-7891-4A76-B835-FBF164929B14}.Debug|Mixed Platforms.Build.0 = Debug|x86
		{F4D3519E-7891-4A76-B835-FBF164929B14}.Debug|x86.ActiveCfg = Debug|x86
		{F4D3519E-7891-4A76-B835-FBF164929B14}.Debug|x86.Build.0 = Debug|x86
		{F4D3519E-7891-4A76-B835-FBF164929B14}.Release|Any CPU.ActiveCfg = Release|x86
		{F4D3519E-7891-4A76-B835-FBF164929B14}.Release|Mixed Platforms.ActiveCfg = Release|x86
		{F4D3519E-7891-4A76-B835-FBF164929B14}.Release|Mixed Platforms.Build.0 = Release|x86
		{F4D3519E-7891-4A76-B835-FBF164929B14}.Release|x86.ActiveCfg = Release|x86
		{F4D3519E-7891-4A76-B835-FBF164929B14}.Release|x86.Build.0 = Release|x86
		{DC51CCC8-1BC7-48DF-B636-678F23E2B78E}.Debug|Any CPU.ActiveCfg = Debug|Any CPU
		{DC51CCC8-1BC7-48DF-B636-678F23E2B78E}.Debug|Any CPU.Build.0 = Debug|Any CPU
		{DC51CCC8-1BC7-48DF-B636-678F23E2B78E}.Debug|Mixed Platforms.ActiveCfg = Debug|Any CPU
		{DC51CCC8-1BC7-48DF-B636-678F23E2B78E}.Debug|Mixed Platforms.Build.0 = Debug|Any CPU
		{DC51CCC8-1BC7-48DF-B636-678F23E2B78E}.Debug|x86.ActiveCfg = Debug|Any CPU
		{DC51CCC8-1BC7-48DF-B636-678F23E2B78E}.Release|Any CPU.ActiveCfg = Release|Any CPU
		{DC51CCC8-1BC7-48DF-B636-678F23E2B78E}.Release|Any CPU.Build.0 = Release|Any CPU
		{DC51CCC8-1BC7-48DF-B636-678F23E2B78E}.Release|Mixed Platforms.ActiveCfg = Release|Any CPU
		{DC51CCC8-1BC7-48DF-B636-678F23E2B78E}.Release|Mixed Platforms.Build.0 = Release|Any CPU
		{DC51CCC8-1BC7-48DF-B636-678F23E2B78E}.Release|x86.ActiveCfg = Release|Any CPU
	EndGlobalSection
	GlobalSection(SolutionProperties) = preSolution
		HideSolutionNode = FALSE
	EndGlobalSection
	GlobalSection(NestedProjects) = preSolution
		{02B5E453-2085-4E41-86D9-C8E8A03FB1B9} = {FF3E1549-D0E5-477B-8924-F6EE3D81DF6C}
		{EFF63F72-66A3-4284-9DEF-D2ECBA1007D9} = {FF3E1549-D0E5-477B-8924-F6EE3D81DF6C}
		{6E7A6421-1128-4A5A-9F9C-DA5C8B5B5247} = {FF3E1549-D0E5-477B-8924-F6EE3D81DF6C}
		{9AEB72FA-AC3F-42AE-8959-51C6849CA49F} = {FF3E1549-D0E5-477B-8924-F6EE3D81DF6C}
		{A012FAA0-EED1-49A5-A62E-B70CC1F25B9D} = {FF3E1549-D0E5-477B-8924-F6EE3D81DF6C}
		{305249EF-68AE-445E-AABD-293D0011819C} = {FF3E1549-D0E5-477B-8924-F6EE3D81DF6C}
		{2DE502D2-458F-4169-B296-A7AE99A29869} = {74F7594E-BFCF-4B77-A5B4-1A5F3DE0820E}
		{288C373A-745B-42D6-83A8-DFD48FC31CAD} = {74F7594E-BFCF-4B77-A5B4-1A5F3DE0820E}
		{4605F326-EECF-4A96-86AF-B6D4272BD5DF} = {74F7594E-BFCF-4B77-A5B4-1A5F3DE0820E}
		{854D2E29-797F-41DA-A732-4E083DB32F64} = {74F7594E-BFCF-4B77-A5B4-1A5F3DE0820E}
		{F4D3519E-7891-4A76-B835-FBF164929B14} = {BF327674-CB72-46C6-AAB5-745D1262D183}
		{DC51CCC8-1BC7-48DF-B636-678F23E2B78E} = {BF327674-CB72-46C6-AAB5-745D1262D183}
	EndGlobalSection
EndGlobal
