
Microsoft Visual Studio Solution File, Format Version 12.00
# Visual Studio 2013
VisualStudioVersion = 12.0.30723.0
MinimumVisualStudioVersion = 10.0.40219.1
Project("{FAE04EC0-301F-11D3-BF4B-00C04F79EFBC}") = "PlotGenerator", "FuzzyArithmetic\PlotGenerator.csproj", "{2DE502D2-458F-4169-B296-A7AE99A29869}"
EndProject
Project("{FAE04EC0-301F-11D3-BF4B-00C04F79EFBC}") = "FuzzyLibrary", "FuzzyLibrary\FuzzyLibrary.csproj", "{288C373A-745B-42D6-83A8-DFD48FC31CAD}"
EndProject
Project("{FAE04EC0-301F-11D3-BF4B-00C04F79EFBC}") = "FuzzyView", "FuzzyView\FuzzyView.csproj", "{4605F326-EECF-4A96-86AF-B6D4272BD5DF}"
EndProject
Project("{FAE04EC0-301F-11D3-BF4B-00C04F79EFBC}") = "FuzzyControl", "FuzzyControl\FuzzyControl.csproj", "{854D2E29-797F-41DA-A732-4E083DB32F64}"
EndProject
Global
	GlobalSection(SolutionConfigurationPlatforms) = preSolution
		Debug|Any CPU = Debug|Any CPU
		Debug|Mixed Platforms = Debug|Mixed Platforms
		Debug|x86 = Debug|x86
		Release|Any CPU = Release|Any CPU
		Release|Mixed Platforms = Release|Mixed Platforms
		Release|x86 = Release|x86
	EndGlobalSection
	GlobalSection(ProjectConfigurationPlatforms) = postSolution
		{2DE502D2-458F-4169-B296-A7AE99A29869}.Debug|Any CPU.ActiveCfg = Debug|Any CPU
		{2DE502D2-458F-4169-B296-A7AE99A29869}.Debug|Any CPU.Build.0 = Debug|Any CPU
		{2DE502D2-458F-4169-B296-A7AE99A29869}.Debug|Mixed Platforms.ActiveCfg = Debug|Any CPU
		{2DE502D2-458F-4169-B296-A7AE99A29869}.Debug|Mixed Platforms.Build.0 = Debug|Any CPU
		{2DE502D2-458F-4169-B296-A7AE99A29869}.Debug|x86.ActiveCfg = Debug|Any CPU
		{2DE502D2-458F-4169-B296-A7AE99A29869}.Release|Any CPU.ActiveCfg = Release|Any CPU
		{2DE502D2-458F-4169-B296-A7AE99A29869}.Release|Any CPU.Build.0 = Release|Any CPU
		{2DE502D2-458F-4169-B296-A7AE99A29869}.Release|Mixed Platforms.ActiveCfg = Release|Any CPU
		{2DE502D2-458F-4169-B296-A7AE99A29869}.Release|Mixed Platforms.Build.0 = Release|Any CPU
		{2DE502D2-458F-4169-B296-A7AE99A29869}.Release|x86.ActiveCfg = Release|Any CPU
		{288C373A-745B-42D6-83A8-DFD48FC31CAD}.Debug|Any CPU.ActiveCfg = Debug|Any CPU
		{288C373A-745B-42D6-83A8-DFD48FC31CAD}.Debug|Any CPU.Build.0 = Debug|Any CPU
		{288C373A-745B-42D6-83A8-DFD48FC31CAD}.Debug|Mixed Platforms.ActiveCfg = Debug|Any CPU
		{288C373A-745B-42D6-83A8-DFD48FC31CAD}.Debug|Mixed Platforms.Build.0 = Debug|Any CPU
		{288C373A-745B-42D6-83A8-DFD48FC31CAD}.Debug|x86.ActiveCfg = Debug|Any CPU
		{288C373A-745B-42D6-83A8-DFD48FC31CAD}.Release|Any CPU.ActiveCfg = Release|Any CPU
		{288C373A-745B-42D6-83A8-DFD48FC31CAD}.Release|Any CPU.Build.0 = Release|Any CPU
		{288C373A-745B-42D6-83A8-DFD48FC31CAD}.Release|Mixed Platforms.ActiveCfg = Release|Any CPU
		{288C373A-745B-42D6-83A8-DFD48FC31CAD}.Release|Mixed Platforms.Build.0 = Release|Any CPU
		{288C373A-745B-42D6-83A8-DFD48FC31CAD}.Release|x86.ActiveCfg = Release|Any CPU
		{4605F326-EECF-4A96-86AF-B6D4272BD5DF}.Debug|Any CPU.ActiveCfg = Debug|Any CPU
		{4605F326-EECF-4A96-86AF-B6D4272BD5DF}.Debug|Any CPU.Build.0 = Debug|Any CPU
		{4605F326-EECF-4A96-86AF-B6D4272BD5DF}.Debug|Mixed Platforms.ActiveCfg = Debug|Any CPU
		{4605F326-EECF-4A96-86AF-B6D4272BD5DF}.Debug|Mixed Platforms.Build.0 = Debug|Any CPU
		{4605F326-EECF-4A96-86AF-B6D4272BD5DF}.Debug|x86.ActiveCfg = Debug|Any CPU
		{4605F326-EECF-4A96-86AF-B6D4272BD5DF}.Release|Any CPU.ActiveCfg = Release|Any CPU
		{4605F326-EECF-4A96-86AF-B6D4272BD5DF}.Release|Any CPU.Build.0 = Release|Any CPU
		{4605F326-EECF-4A96-86AF-B6D4272BD5DF}.Release|Mixed Platforms.ActiveCfg = Release|Any CPU
		{4605F326-EECF-4A96-86AF-B6D4272BD5DF}.Release|Mixed Platforms.Build.0 = Release|Any CPU
		{4605F326-EECF-4A96-86AF-B6D4272BD5DF}.Release|x86.ActiveCfg = Release|Any CPU
		{854D2E29-797F-41DA-A732-4E083DB32F64}.Debug|Any CPU.ActiveCfg = Debug|Any CPU
		{854D2E29-797F-41DA-A732-4E083DB32F64}.Debug|Any CPU.Build.0 = Debug|Any CPU
		{854D2E29-797F-41DA-A732-4E083DB32F64}.Debug|Mixed Platforms.ActiveCfg = Debug|Any CPU
		{854D2E29-797F-41DA-A732-4E083DB32F64}.Debug|Mixed Platforms.Build.0 = Debug|Any CPU
		{854D2E29-797F-41DA-A732-4E083DB32F64}.Debug|x86.ActiveCfg = Debug|Any CPU
		{854D2E29-797F-41DA-A732-4E083DB32F64}.Release|Any CPU.ActiveCfg = Release|Any CPU
		{854D2E29-797F-41DA-A732-4E083DB32F64}.Release|Any CPU.Build.0 = Release|Any CPU
		{854D2E29-797F-41DA-A732-4E083DB32F64}.Release|Mixed Platforms.ActiveCfg = Release|Any CPU
		{854D2E29-797F-41DA-A732-4E083DB32F64}.Release|Mixed Platforms.Build.0 = Release|Any CPU
		{854D2E29-797F-41DA-A732-4E083DB32F64}.Release|x86.ActiveCfg = Release|Any CPU
	EndGlobalSection
	GlobalSection(SolutionProperties) = preSolution
		HideSolutionNode = FALSE
	EndGlobalSection
EndGlobal
